
Microsoft Visual Studio Solution File, Format Version 12.00
# Visual Studio Version 16
VisualStudioVersion = 16.0.30907.101
MinimumVisualStudioVersion = 10.0.40219.1
Project("{8BC9CEB8-8B4A-11D0-8D11-00A0C91BC942}") = "hello-cpp", "hello-cpp.vcxproj", "{6F2985C6-1A13-4F0E-A483-2467D33B18FB}"
EndProject
Project("{8BC9CEB8-8B4A-11D0-8D11-00A0C91BC942}") = "UnitTests", "UnitTests\UnitTests.vcxproj", "{58292037-7D19-4DF7-AF4C-A8087CD15A7B}"
EndProject
Global
	GlobalSection(SolutionConfigurationPlatforms) = preSolution
		Debug|x64 = Debug|x64
		Debug|x86 = Debug|x86
		Release|x64 = Release|x64
		Release|x86 = Release|x86
	EndGlobalSection
	GlobalSection(ProjectConfigurationPlatforms) = postSolution
		{6F2985C6-1A13-4F0E-A483-2467D33B18FB}.Debug|x64.ActiveCfg = Debug|x64
		{6F2985C6-1A13-4F0E-A483-2467D33B18FB}.Debug|x64.Build.0 = Debug|x64
		{6F2985C6-1A13-4F0E-A483-2467D33B18FB}.Debug|x86.ActiveCfg = Debug|Win32
		{6F2985C6-1A13-4F0E-A483-2467D33B18FB}.Debug|x86.Build.0 = Debug|Win32
		{6F2985C6-1A13-4F0E-A483-2467D33B18FB}.Release|x64.ActiveCfg = Release|x64
		{6F2985C6-1A13-4F0E-A483-2467D33B18FB}.Release|x64.Build.0 = Release|x64
		{6F2985C6-1A13-4F0E-A483-2467D33B18FB}.Release|x86.ActiveCfg = Release|Win32
		{6F2985C6-1A13-4F0E-A483-2467D33B18FB}.Release|x86.Build.0 = Release|Win32
		{58292037-7D19-4DF7-AF4C-A8087CD15A7B}.Debug|x64.ActiveCfg = Debug|x64
		{58292037-7D19-4DF7-AF4C-A8087CD15A7B}.Debug|x64.Build.0 = Debug|x64
		{58292037-7D19-4DF7-AF4C-A8087CD15A7B}.Debug|x86.ActiveCfg = Debug|Win32
		{58292037-7D19-4DF7-AF4C-A8087CD15A7B}.Debug|x86.Build.0 = Debug|Win32
		{58292037-7D19-4DF7-AF4C-A8087CD15A7B}.Release|x64.ActiveCfg = Release|x64
		{58292037-7D19-4DF7-AF4C-A8087CD15A7B}.Release|x64.Build.0 = Release|x64
		{58292037-7D19-4DF7-AF4C-A8087CD15A7B}.Release|x86.ActiveCfg = Release|Win32
		{58292037-7D19-4DF7-AF4C-A8087CD15A7B}.Release|x86.Build.0 = Release|Win32
	EndGlobalSection
	GlobalSection(SolutionProperties) = preSolution
		HideSolutionNode = FALSE
	EndGlobalSection
	GlobalSection(ExtensibilityGlobals) = postSolution
		SolutionGuid = {0E9C6A3C-1A70-490C-A04E-EBD39E87DC55}
	EndGlobalSection
EndGlobal
